
Microsoft Visual Studio Solution File, Format Version 12.00
# Visual Studio 15
VisualStudioVersion = 15.0.28307.168
MinimumVisualStudioVersion = 10.0.40219.1
Project("{FAE04EC0-301F-11D3-BF4B-00C04F79EFBC}") = "DirectZobEditor", "DirectZobEditor\DirectZobEditor.csproj", "{0C0A50AD-E780-4A7F-9287-C8DB0F0D40CF}"
	ProjectSection(ProjectDependencies) = postProject
		{7B6BC156-82BB-EEE1-7BC6-126B75FDBF81} = {7B6BC156-82BB-EEE1-7BC6-126B75FDBF81}
	EndProjectSection
EndProject
Project("{8BC9CEB8-8B4A-11D0-8D11-00A0C91BC942}") = "DirectZobEngine", "DirectZobEngine\build\DirectZob\DirectZobEngine.vcxproj", "{E211B4F0-D8EE-477E-1499-330C8B5FE661}"
	ProjectSection(ProjectDependencies) = postProject
		{49873042-36A7-A83E-3AB6-E723904D7001} = {49873042-36A7-A83E-3AB6-E723904D7001}
		{1C135745-14BA-68E1-1E90-C1DEADA93E41} = {1C135745-14BA-68E1-1E90-C1DEADA93E41}
		{5710A5BD-4FF7-C34A-BE52-82CFBD3C31A6} = {5710A5BD-4FF7-C34A-BE52-82CFBD3C31A6}
	EndProjectSection
EndProject
Project("{8BC9CEB8-8B4A-11D0-8D11-00A0C91BC942}") = "DirectZobDInterop", "DirectZobEngine\build\DirectZob\DirectZobDInterop.vcxproj", "{7B6BC156-82BB-EEE1-7BC6-126B75FDBF81}"
EndProject
Project("{8BC9CEB8-8B4A-11D0-8D11-00A0C91BC942}") = "minifb", "DirectZobEngine\build\dependencies\minifb\minifb.vcxproj", "{49873042-36A7-A83E-3AB6-E723904D7001}"
EndProject
Project("{8BC9CEB8-8B4A-11D0-8D11-00A0C91BC942}") = "tinyxml", "DirectZobEngine\build\dependencies\tinyxml\tinyxml.vcxproj", "{5710A5BD-4FF7-C34A-BE52-82CFBD3C31A6}"
EndProject
Project("{8BC9CEB8-8B4A-11D0-8D11-00A0C91BC942}") = "nanojpeg", "DirectZobEngine\build\dependencies\nanojpeg\nanojpeg.vcxproj", "{1C135745-14BA-68E1-1E90-C1DEADA93E41}"
EndProject
Global
	GlobalSection(SolutionConfigurationPlatforms) = preSolution
		Debug|x64 = Debug|x64
		Release|x64 = Release|x64
	EndGlobalSection
	GlobalSection(ProjectConfigurationPlatforms) = postSolution
		{0C0A50AD-E780-4A7F-9287-C8DB0F0D40CF}.Debug|x64.ActiveCfg = Debug|x64
		{0C0A50AD-E780-4A7F-9287-C8DB0F0D40CF}.Debug|x64.Build.0 = Debug|x64
		{0C0A50AD-E780-4A7F-9287-C8DB0F0D40CF}.Release|x64.ActiveCfg = Release|x64
		{0C0A50AD-E780-4A7F-9287-C8DB0F0D40CF}.Release|x64.Build.0 = Release|x64
		{E211B4F0-D8EE-477E-1499-330C8B5FE661}.Debug|x64.ActiveCfg = Debug|x64
		{E211B4F0-D8EE-477E-1499-330C8B5FE661}.Debug|x64.Build.0 = Debug|x64
		{E211B4F0-D8EE-477E-1499-330C8B5FE661}.Release|x64.ActiveCfg = Release|x64
		{E211B4F0-D8EE-477E-1499-330C8B5FE661}.Release|x64.Build.0 = Release|x64
		{7B6BC156-82BB-EEE1-7BC6-126B75FDBF81}.Debug|x64.ActiveCfg = Debug|x64
		{7B6BC156-82BB-EEE1-7BC6-126B75FDBF81}.Debug|x64.Build.0 = Debug|x64
		{7B6BC156-82BB-EEE1-7BC6-126B75FDBF81}.Release|x64.ActiveCfg = Release|x64
		{7B6BC156-82BB-EEE1-7BC6-126B75FDBF81}.Release|x64.Build.0 = Release|x64
		{49873042-36A7-A83E-3AB6-E723904D7001}.Debug|x64.ActiveCfg = Debug|x64
		{49873042-36A7-A83E-3AB6-E723904D7001}.Debug|x64.Build.0 = Debug|x64
		{49873042-36A7-A83E-3AB6-E723904D7001}.Release|x64.ActiveCfg = Release|x64
		{49873042-36A7-A83E-3AB6-E723904D7001}.Release|x64.Build.0 = Release|x64
		{5710A5BD-4FF7-C34A-BE52-82CFBD3C31A6}.Debug|x64.ActiveCfg = Debug|x64
		{5710A5BD-4FF7-C34A-BE52-82CFBD3C31A6}.Debug|x64.Build.0 = Debug|x64
		{5710A5BD-4FF7-C34A-BE52-82CFBD3C31A6}.Release|x64.ActiveCfg = Release|x64
		{5710A5BD-4FF7-C34A-BE52-82CFBD3C31A6}.Release|x64.Build.0 = Release|x64
		{1C135745-14BA-68E1-1E90-C1DEADA93E41}.Debug|x64.ActiveCfg = Debug|x64
		{1C135745-14BA-68E1-1E90-C1DEADA93E41}.Debug|x64.Build.0 = Debug|x64
		{1C135745-14BA-68E1-1E90-C1DEADA93E41}.Release|x64.ActiveCfg = Release|x64
		{1C135745-14BA-68E1-1E90-C1DEADA93E41}.Release|x64.Build.0 = Release|x64
	EndGlobalSection
	GlobalSection(SolutionProperties) = preSolution
		HideSolutionNode = FALSE
	EndGlobalSection
	GlobalSection(ExtensibilityGlobals) = postSolution
		SolutionGuid = {3F1A7054-03AD-4C8B-AE47-6E673F2A5ABC}
	EndGlobalSection
EndGlobal
