<?xml version="1.0" encoding="utf-8"?>
<Project ToolsVersion="4.0" xmlns="http://schemas.microsoft.com/developer/msbuild/2003">
  <ItemGroup>
    <Filter Include="Fichiers sources">
      <UniqueIdentifier>{4FC737F1-C7A5-4376-A066-2A32D752A2FF}</UniqueIdentifier>
      <Extensions>cpp;c;cc;cxx;def;odl;idl;hpj;bat;asm;asmx</Extensions>
    </Filter>
    <Filter Include="Fichiers d%27en-tête">
      <UniqueIdentifier>{93995380-89BD-4b04-88EB-625FBE52EBFB}</UniqueIdentifier>
      <Extensions>h;hh;hpp;hxx;hm;inl;inc;ipp;xsd</Extensions>
    </Filter>
    <Filter Include="Fichiers de ressources">
      <UniqueIdentifier>{67DA6AB6-F800-4c08-8B7A-83BB121AAD01}</UniqueIdentifier>
      <Extensions>rc;ico;cur;bmp;dlg;rc2;rct;bin;rgs;gif;jpg;jpeg;jpe;resx;tiff;tif;png;wav;mfcribbon-ms</Extensions>
    </Filter>
    <Filter Include="Fichiers d%27en-tête\Interfaces">
      <UniqueIdentifier>{6725434e-d85e-4532-8d96-9db6fd231faa}</UniqueIdentifier>
    </Filter>
    <Filter Include="Fichiers sources\Interfaces">
      <UniqueIdentifier>{5c2e3387-bdff-44d6-b12d-6e5508941eea}</UniqueIdentifier>
    </Filter>
    <Filter Include="Fichiers d%27en-tête\miniFB">
      <UniqueIdentifier>{fd0334c1-d7f0-4d5e-b208-0ccf7bfd0d7f}</UniqueIdentifier>
    </Filter>
    <Filter Include="Fichiers sources\MiniFB">
      <UniqueIdentifier>{1771de29-1f72-4e7c-baab-c5e80c7802e9}</UniqueIdentifier>
    </Filter>
    <Filter Include="Fichiers d%27en-tête\lodepng">
      <UniqueIdentifier>{7ee29c4f-dd67-42d4-b06b-3133c4e38b3b}</UniqueIdentifier>
    </Filter>
    <Filter Include="Fichiers sources\lodepng">
      <UniqueIdentifier>{9347f25b-c739-4fc5-908b-0e355752466e}</UniqueIdentifier>
    </Filter>
    <Filter Include="Fichiers d%27en-tête\tinyXml">
      <UniqueIdentifier>{b42c4c24-1506-4ca6-98bb-92ec2ba6a256}</UniqueIdentifier>
    </Filter>
    <Filter Include="Fichiers sources\tinyXml">
      <UniqueIdentifier>{872086c4-203c-4e9f-9cae-6f57aebdb568}</UniqueIdentifier>
    </Filter>
    <Filter Include="Fichiers d%27en-tête\ZobObjects">
      <UniqueIdentifier>{b5804e7c-2967-499a-9835-752d47fa818a}</UniqueIdentifier>
    </Filter>
    <Filter Include="Fichiers sources\ZobObjects">
      <UniqueIdentifier>{8512caeb-af95-4af1-97e6-2ae1441b1fde}</UniqueIdentifier>
    </Filter>
    <Filter Include="Fichiers d%27en-tête\managers">
      <UniqueIdentifier>{5729d4fb-727f-4dc2-8f59-5a345f075961}</UniqueIdentifier>
    </Filter>
    <Filter Include="Fichiers sources\managers">
      <UniqueIdentifier>{ac46cf6d-d22e-4a68-b93e-48174e938be4}</UniqueIdentifier>
    </Filter>
  </ItemGroup>
  <ItemGroup>
    <ClCompile Include="Color.cpp">
      <Filter>Fichiers sources</Filter>
    </ClCompile>
    <ClCompile Include="Cube.cpp">
      <Filter>Fichiers sources</Filter>
    </ClCompile>
    <ClCompile Include="DirectZob.cpp">
      <Filter>Fichiers sources</Filter>
    </ClCompile>
    <ClCompile Include="main.cpp">
      <Filter>Fichiers sources</Filter>
    </ClCompile>
    <ClCompile Include="Matrix2x2.cpp">
      <Filter>Fichiers sources</Filter>
    </ClCompile>
    <ClCompile Include="Matrix4x4.cpp">
      <Filter>Fichiers sources</Filter>
    </ClCompile>
    <ClCompile Include="Rasterizer.cpp">
      <Filter>Fichiers sources</Filter>
    </ClCompile>
    <ClCompile Include="Text2D.cpp">
      <Filter>Fichiers sources</Filter>
    </ClCompile>
    <ClCompile Include="Texture.cpp">
      <Filter>Fichiers sources</Filter>
    </ClCompile>
    <ClCompile Include="Triangle.cpp">
      <Filter>Fichiers sources</Filter>
    </ClCompile>
    <ClCompile Include="Vector2.cpp">
      <Filter>Fichiers sources</Filter>
    </ClCompile>
    <ClCompile Include="Vector3.cpp">
      <Filter>Fichiers sources</Filter>
    </ClCompile>
    <ClCompile Include="DirectZobWrapper.cpp">
      <Filter>Fichiers sources\Interfaces</Filter>
    </ClCompile>
    <ClCompile Include="EngineWrapper.cpp">
      <Filter>Fichiers sources\Interfaces</Filter>
    </ClCompile>
    <ClCompile Include="MiniFB_common.c">
      <Filter>Fichiers sources\MiniFB</Filter>
    </ClCompile>
    <ClCompile Include="MiniFB_cpp.cpp">
      <Filter>Fichiers sources\MiniFB</Filter>
    </ClCompile>
    <ClCompile Include="MiniFB_internal.c">
      <Filter>Fichiers sources\MiniFB</Filter>
    </ClCompile>
    <ClCompile Include="WinMiniFB.c">
      <Filter>Fichiers sources\MiniFB</Filter>
    </ClCompile>
    <ClCompile Include="lodepng.cpp">
      <Filter>Fichiers sources\lodepng</Filter>
    </ClCompile>
    <ClCompile Include="tinystr.cpp">
      <Filter>Fichiers sources\tinyXml</Filter>
    </ClCompile>
    <ClCompile Include="tinyxml.cpp">
      <Filter>Fichiers sources\tinyXml</Filter>
    </ClCompile>
    <ClCompile Include="tinyxmlerror.cpp">
      <Filter>Fichiers sources\tinyXml</Filter>
    </ClCompile>
    <ClCompile Include="tinyxmlparser.cpp">
      <Filter>Fichiers sources\tinyXml</Filter>
    </ClCompile>
    <ClCompile Include="CameraManagerWrapper.cpp">
      <Filter>Fichiers sources\Interfaces</Filter>
    </ClCompile>
    <ClCompile Include="Engine.cpp">
      <Filter>Fichiers sources\managers</Filter>
    </ClCompile>
    <ClCompile Include="CameraManager.cpp">
      <Filter>Fichiers sources\managers</Filter>
    </ClCompile>
    <ClCompile Include="TextureManager.cpp">
      <Filter>Fichiers sources\managers</Filter>
    </ClCompile>
    <ClCompile Include="Camera.cpp">
      <Filter>Fichiers sources\ZobObjects</Filter>
    </ClCompile>
    <ClCompile Include="ZobObjectManager.cpp">
      <Filter>Fichiers sources\managers</Filter>
    </ClCompile>
    <ClCompile Include="Mesh.cpp">
      <Filter>Fichiers sources</Filter>
    </ClCompile>
    <ClCompile Include="ZobObject.cpp">
      <Filter>Fichiers sources\ZobObjects</Filter>
    </ClCompile>
    <ClCompile Include="SceneLoader.cpp">
      <Filter>Fichiers sources</Filter>
    </ClCompile>
  </ItemGroup>
  <ItemGroup>
    <ClInclude Include="Color.h">
      <Filter>Fichiers d%27en-tête</Filter>
    </ClInclude>
    <ClInclude Include="Cube.h">
      <Filter>Fichiers d%27en-tête</Filter>
    </ClInclude>
    <ClInclude Include="DirectZob.h">
      <Filter>Fichiers d%27en-tête</Filter>
    </ClInclude>
    <ClInclude Include="Matrix2x2.h">
      <Filter>Fichiers d%27en-tête</Filter>
    </ClInclude>
    <ClInclude Include="Matrix4x4.h">
      <Filter>Fichiers d%27en-tête</Filter>
    </ClInclude>
    <ClInclude Include="Rasterizer.h">
      <Filter>Fichiers d%27en-tête</Filter>
    </ClInclude>
    <ClInclude Include="text2D.h">
      <Filter>Fichiers d%27en-tête</Filter>
    </ClInclude>
    <ClInclude Include="Texture.h">
      <Filter>Fichiers d%27en-tête</Filter>
    </ClInclude>
    <ClInclude Include="TextureTest.h">
      <Filter>Fichiers d%27en-tête</Filter>
    </ClInclude>
    <ClInclude Include="TextureTestAlpha.h">
      <Filter>Fichiers d%27en-tête</Filter>
    </ClInclude>
    <ClInclude Include="Triangle.h">
      <Filter>Fichiers d%27en-tête</Filter>
    </ClInclude>
    <ClInclude Include="Types.h">
      <Filter>Fichiers d%27en-tête</Filter>
    </ClInclude>
    <ClInclude Include="Vector2.h">
      <Filter>Fichiers d%27en-tête</Filter>
    </ClInclude>
    <ClInclude Include="Vector3.h">
      <Filter>Fichiers d%27en-tête</Filter>
    </ClInclude>
    <ClInclude Include="Events.h">
      <Filter>Fichiers d%27en-tête</Filter>
    </ClInclude>
    <ClInclude Include="ManagedObject.h">
      <Filter>Fichiers d%27en-tête\Interfaces</Filter>
    </ClInclude>
    <ClInclude Include="DirectZobWrapper.h">
      <Filter>Fichiers d%27en-tête\Interfaces</Filter>
    </ClInclude>
    <ClInclude Include="EngineWrapper.h">
      <Filter>Fichiers d%27en-tête\Interfaces</Filter>
    </ClInclude>
    <ClInclude Include="MiniFB.h">
      <Filter>Fichiers d%27en-tête\miniFB</Filter>
    </ClInclude>
    <ClInclude Include="MiniFB_cpp.h">
      <Filter>Fichiers d%27en-tête\miniFB</Filter>
    </ClInclude>
    <ClInclude Include="MiniFB_enums.h">
      <Filter>Fichiers d%27en-tête\miniFB</Filter>
    </ClInclude>
    <ClInclude Include="MiniFB_internal.h">
      <Filter>Fichiers d%27en-tête\miniFB</Filter>
    </ClInclude>
    <ClInclude Include="WindowData.h">
      <Filter>Fichiers d%27en-tête\miniFB</Filter>
    </ClInclude>
    <ClInclude Include="lodepng.h">
      <Filter>Fichiers d%27en-tête\lodepng</Filter>
    </ClInclude>
    <ClInclude Include="tinystr.h">
      <Filter>Fichiers d%27en-tête\tinyXml</Filter>
    </ClInclude>
    <ClInclude Include="tinyxml.h">
      <Filter>Fichiers d%27en-tête\tinyXml</Filter>
    </ClInclude>
    <ClInclude Include="CameraManagerWrapper.h">
      <Filter>Fichiers d%27en-tête\Interfaces</Filter>
    </ClInclude>
    <ClInclude Include="ManagedVector3.h">
      <Filter>Fichiers d%27en-tête\Interfaces</Filter>
    </ClInclude>
    <ClInclude Include="ZobObject.h">
      <Filter>Fichiers d%27en-tête\ZobObjects</Filter>
    </ClInclude>
    <ClInclude Include="CameraManager.h">
      <Filter>Fichiers d%27en-tête\managers</Filter>
    </ClInclude>
    <ClInclude Include="Engine.h">
      <Filter>Fichiers d%27en-tête\managers</Filter>
    </ClInclude>
    <ClInclude Include="TextureManager.h">
      <Filter>Fichiers d%27en-tête\managers</Filter>
    </ClInclude>
    <ClInclude Include="Camera.h">
      <Filter>Fichiers d%27en-tête\ZobObjects</Filter>
    </ClInclude>
    <ClInclude Include="ZobObjectManager.h">
      <Filter>Fichiers d%27en-tête\managers</Filter>
    </ClInclude>
    <ClInclude Include="Mesh.h">
      <Filter>Fichiers d%27en-tête</Filter>
    </ClInclude>
    <ClInclude Include="SceneLoader.h">
      <Filter>Fichiers d%27en-tête</Filter>
    </ClInclude>
  </ItemGroup>
</Project>