<?xml version="1.0" encoding="utf-8"?>
<Project ToolsVersion="4.0" xmlns="http://schemas.microsoft.com/developer/msbuild/2003">
  <ItemGroup>
    <ClCompile Include="test.cpp" />
    <ClCompile Include="pch.cpp" />
  </ItemGroup>
  <ItemGroup>
    <ClInclude Include="pch.h" />
    <ClInclude Include="tests\ZobVector3.h">
      <Filter>tests</Filter>
    </ClInclude>
    <ClInclude Include="tests\ZobMatrix4x4.h">
      <Filter>tests</Filter>
    </ClInclude>
  </ItemGroup>
  <ItemGroup>
    <None Include="packages.config" />
  </ItemGroup>
  <ItemGroup>
    <Filter Include="tests">
      <UniqueIdentifier>{8c54bc30-90af-4896-957a-383983ccc5e5}</UniqueIdentifier>
    </Filter>
  </ItemGroup>
</Project>